
Microsoft Visual Studio Solution File, Format Version 12.00
# Visual Studio 14
VisualStudioVersion = 14.0.25420.1
MinimumVisualStudioVersion = 10.0.40219.1
Project("{8BB2217D-0F2D-49D1-97BC-3654ED321F3B}") = "DayPrinter", "DayPrinter\DayPrinter.xproj", "{B3E76AAA-3BE8-49C7-A831-64EF68C6F28D}"
EndProject
Project("{8BB2217D-0F2D-49D1-97BC-3654ED321F3B}") = "ElseIf", "ElseIf\ElseIf.xproj", "{C7008ACC-EE4B-49CC-B7FB-5F9F95E257A9}"
EndProject
Project("{8BB2217D-0F2D-49D1-97BC-3654ED321F3B}") = "TempConv", "TempConv\TempConv.xproj", "{6D18F93D-E26F-4FF4-ABF2-1450FD9FB19D}"
EndProject
Project("{8BB2217D-0F2D-49D1-97BC-3654ED321F3B}") = "HelloMethods", "HelloMethods\HelloMethods.xproj", "{9B69E0D2-FBD5-4FB4-9D40-768AE4F57300}"
EndProject
Project("{8BB2217D-0F2D-49D1-97BC-3654ED321F3B}") = "Gradebook", "Gradebook\Gradebook.xproj", "{9E08496B-2501-4CBF-844F-8FD7BA97F4E6}"
EndProject
Project("{8BB2217D-0F2D-49D1-97BC-3654ED321F3B}") = "GradebookDict", "GradebookDict\GradebookDict.xproj", "{EFCB1B91-2E92-478F-BFF7-013FF6911DCC}"
EndProject
Project("{8BB2217D-0F2D-49D1-97BC-3654ED321F3B}") = "GradebookArray", "GradebookArray\GradebookArray.xproj", "{89051A0E-8D18-48C3-B4E6-D05F62D252CE}"
EndProject
Project("{FAE04EC0-301F-11D3-BF4B-00C04F79EFBC}") = "HelloWorld", "HelloWorld\HelloWorld.csproj", "{AB8120D7-66F6-4862-BB6C-51E3C09E99B3}"
EndProject
Project("{FAE04EC0-301F-11D3-BF4B-00C04F79EFBC}") = "MileageCalculator", "MileageCalculator\MileageCalculator.csproj", "{96487077-BA71-45EB-A94E-3F5777891E9C}"
EndProject
Project("{FAE04EC0-301F-11D3-BF4B-00C04F79EFBC}") = "AliceSearch", "AliceSearch\AliceSearch.csproj", "{A6EE65CE-BF06-4453-9778-BDDA8F599DD5}"
EndProject
Project("{8BB2217D-0F2D-49D1-97BC-3654ED321F3B}") = "CircleArea", "CircleArea\CircleArea.xproj", "{AAE32E5F-5D3C-49BF-9225-3CDBA5C04A99}"
EndProject
Project("{FAE04EC0-301F-11D3-BF4B-00C04F79EFBC}") = "HelloWorldVariant", "HelloWorldVariant\HelloWorldVariant.csproj", "{6056FE83-3836-4CCC-85B5-2B5491F7F4AF}"
EndProject
Project("{FAE04EC0-301F-11D3-BF4B-00C04F79EFBC}") = "RectangleArea", "RectangleArea\RectangleArea.csproj", "{5094D2B8-6474-4BC6-8C75-8C2697BB39DF}"
EndProject
Project("{FAE04EC0-301F-11D3-BF4B-00C04F79EFBC}") = "WorkingWithStrings", "WorkingWithStrings\WorkingWithStrings.csproj", "{B904FAF2-24D6-4C11-BE46-2C7F48D8F7BF}"
EndProject
Project("{8BB2217D-0F2D-49D1-97BC-3654ED321F3B}") = "AddEvens", "AddEvens\AddEvens.xproj", "{1EA2A967-0732-4D83-9129-6B2B47F5CD3E}"
EndProject
Project("{8BB2217D-0F2D-49D1-97BC-3654ED321F3B}") = "CountingCharacters", "CountingCharacters\CountingCharacters.xproj", "{4773BFB2-64CB-4442-8B7C-01827231FF91}"
EndProject
Project("{8BB2217D-0F2D-49D1-97BC-3654ED321F3B}") = "WordLengthSelector", "WordLengthSelector\WordLengthSelector.xproj", "{AE2EA37B-196B-4B2E-A99D-D49A7A3C6A56}"
EndProject
Project("{8BB2217D-0F2D-49D1-97BC-3654ED321F3B}") = "ArrayPractice", "ArrayPractice\ArrayPractice.xproj", "{A6FCEE9C-86F2-45CC-A7B4-3CA2293C66D6}"
EndProject
Project("{8BB2217D-0F2D-49D1-97BC-3654ED321F3B}") = "StudentIDDict", "StudentIDDict\StudentIDDict.xproj", "{E7B31FD3-CF8C-4102-9F85-6552DEEDEC9F}"
EndProject
Global
	GlobalSection(SolutionConfigurationPlatforms) = preSolution
		Debug|Any CPU = Debug|Any CPU
		Release|Any CPU = Release|Any CPU
	EndGlobalSection
	GlobalSection(ProjectConfigurationPlatforms) = postSolution
		{B3E76AAA-3BE8-49C7-A831-64EF68C6F28D}.Debug|Any CPU.ActiveCfg = Debug|Any CPU
		{B3E76AAA-3BE8-49C7-A831-64EF68C6F28D}.Debug|Any CPU.Build.0 = Debug|Any CPU
		{B3E76AAA-3BE8-49C7-A831-64EF68C6F28D}.Release|Any CPU.ActiveCfg = Release|Any CPU
		{B3E76AAA-3BE8-49C7-A831-64EF68C6F28D}.Release|Any CPU.Build.0 = Release|Any CPU
		{C7008ACC-EE4B-49CC-B7FB-5F9F95E257A9}.Debug|Any CPU.ActiveCfg = Debug|Any CPU
		{C7008ACC-EE4B-49CC-B7FB-5F9F95E257A9}.Debug|Any CPU.Build.0 = Debug|Any CPU
		{C7008ACC-EE4B-49CC-B7FB-5F9F95E257A9}.Release|Any CPU.ActiveCfg = Release|Any CPU
		{C7008ACC-EE4B-49CC-B7FB-5F9F95E257A9}.Release|Any CPU.Build.0 = Release|Any CPU
		{6D18F93D-E26F-4FF4-ABF2-1450FD9FB19D}.Debug|Any CPU.ActiveCfg = Debug|Any CPU
		{6D18F93D-E26F-4FF4-ABF2-1450FD9FB19D}.Debug|Any CPU.Build.0 = Debug|Any CPU
		{6D18F93D-E26F-4FF4-ABF2-1450FD9FB19D}.Release|Any CPU.ActiveCfg = Release|Any CPU
		{6D18F93D-E26F-4FF4-ABF2-1450FD9FB19D}.Release|Any CPU.Build.0 = Release|Any CPU
		{9B69E0D2-FBD5-4FB4-9D40-768AE4F57300}.Debug|Any CPU.ActiveCfg = Debug|Any CPU
		{9B69E0D2-FBD5-4FB4-9D40-768AE4F57300}.Debug|Any CPU.Build.0 = Debug|Any CPU
		{9B69E0D2-FBD5-4FB4-9D40-768AE4F57300}.Release|Any CPU.ActiveCfg = Release|Any CPU
		{9B69E0D2-FBD5-4FB4-9D40-768AE4F57300}.Release|Any CPU.Build.0 = Release|Any CPU
		{9E08496B-2501-4CBF-844F-8FD7BA97F4E6}.Debug|Any CPU.ActiveCfg = Debug|Any CPU
		{9E08496B-2501-4CBF-844F-8FD7BA97F4E6}.Debug|Any CPU.Build.0 = Debug|Any CPU
		{9E08496B-2501-4CBF-844F-8FD7BA97F4E6}.Release|Any CPU.ActiveCfg = Release|Any CPU
		{9E08496B-2501-4CBF-844F-8FD7BA97F4E6}.Release|Any CPU.Build.0 = Release|Any CPU
		{EFCB1B91-2E92-478F-BFF7-013FF6911DCC}.Debug|Any CPU.ActiveCfg = Debug|Any CPU
		{EFCB1B91-2E92-478F-BFF7-013FF6911DCC}.Debug|Any CPU.Build.0 = Debug|Any CPU
		{EFCB1B91-2E92-478F-BFF7-013FF6911DCC}.Release|Any CPU.ActiveCfg = Release|Any CPU
		{EFCB1B91-2E92-478F-BFF7-013FF6911DCC}.Release|Any CPU.Build.0 = Release|Any CPU
		{89051A0E-8D18-48C3-B4E6-D05F62D252CE}.Debug|Any CPU.ActiveCfg = Debug|Any CPU
		{89051A0E-8D18-48C3-B4E6-D05F62D252CE}.Debug|Any CPU.Build.0 = Debug|Any CPU
		{89051A0E-8D18-48C3-B4E6-D05F62D252CE}.Release|Any CPU.ActiveCfg = Release|Any CPU
		{89051A0E-8D18-48C3-B4E6-D05F62D252CE}.Release|Any CPU.Build.0 = Release|Any CPU
		{AB8120D7-66F6-4862-BB6C-51E3C09E99B3}.Debug|Any CPU.ActiveCfg = Debug|Any CPU
		{AB8120D7-66F6-4862-BB6C-51E3C09E99B3}.Debug|Any CPU.Build.0 = Debug|Any CPU
		{AB8120D7-66F6-4862-BB6C-51E3C09E99B3}.Release|Any CPU.ActiveCfg = Release|Any CPU
		{AB8120D7-66F6-4862-BB6C-51E3C09E99B3}.Release|Any CPU.Build.0 = Release|Any CPU
		{96487077-BA71-45EB-A94E-3F5777891E9C}.Debug|Any CPU.ActiveCfg = Debug|Any CPU
		{96487077-BA71-45EB-A94E-3F5777891E9C}.Debug|Any CPU.Build.0 = Debug|Any CPU
		{96487077-BA71-45EB-A94E-3F5777891E9C}.Release|Any CPU.ActiveCfg = Release|Any CPU
		{96487077-BA71-45EB-A94E-3F5777891E9C}.Release|Any CPU.Build.0 = Release|Any CPU
		{A6EE65CE-BF06-4453-9778-BDDA8F599DD5}.Debug|Any CPU.ActiveCfg = Debug|Any CPU
		{A6EE65CE-BF06-4453-9778-BDDA8F599DD5}.Debug|Any CPU.Build.0 = Debug|Any CPU
		{A6EE65CE-BF06-4453-9778-BDDA8F599DD5}.Release|Any CPU.ActiveCfg = Release|Any CPU
		{A6EE65CE-BF06-4453-9778-BDDA8F599DD5}.Release|Any CPU.Build.0 = Release|Any CPU
		{AAE32E5F-5D3C-49BF-9225-3CDBA5C04A99}.Debug|Any CPU.ActiveCfg = Debug|Any CPU
		{AAE32E5F-5D3C-49BF-9225-3CDBA5C04A99}.Debug|Any CPU.Build.0 = Debug|Any CPU
		{AAE32E5F-5D3C-49BF-9225-3CDBA5C04A99}.Release|Any CPU.ActiveCfg = Release|Any CPU
		{AAE32E5F-5D3C-49BF-9225-3CDBA5C04A99}.Release|Any CPU.Build.0 = Release|Any CPU
		{6056FE83-3836-4CCC-85B5-2B5491F7F4AF}.Debug|Any CPU.ActiveCfg = Debug|Any CPU
		{6056FE83-3836-4CCC-85B5-2B5491F7F4AF}.Debug|Any CPU.Build.0 = Debug|Any CPU
		{6056FE83-3836-4CCC-85B5-2B5491F7F4AF}.Release|Any CPU.ActiveCfg = Release|Any CPU
		{6056FE83-3836-4CCC-85B5-2B5491F7F4AF}.Release|Any CPU.Build.0 = Release|Any CPU
		{5094D2B8-6474-4BC6-8C75-8C2697BB39DF}.Debug|Any CPU.ActiveCfg = Debug|Any CPU
		{5094D2B8-6474-4BC6-8C75-8C2697BB39DF}.Debug|Any CPU.Build.0 = Debug|Any CPU
		{5094D2B8-6474-4BC6-8C75-8C2697BB39DF}.Release|Any CPU.ActiveCfg = Release|Any CPU
		{5094D2B8-6474-4BC6-8C75-8C2697BB39DF}.Release|Any CPU.Build.0 = Release|Any CPU
		{B904FAF2-24D6-4C11-BE46-2C7F48D8F7BF}.Debug|Any CPU.ActiveCfg = Debug|Any CPU
		{B904FAF2-24D6-4C11-BE46-2C7F48D8F7BF}.Debug|Any CPU.Build.0 = Debug|Any CPU
		{B904FAF2-24D6-4C11-BE46-2C7F48D8F7BF}.Release|Any CPU.ActiveCfg = Release|Any CPU
		{B904FAF2-24D6-4C11-BE46-2C7F48D8F7BF}.Release|Any CPU.Build.0 = Release|Any CPU
		{1EA2A967-0732-4D83-9129-6B2B47F5CD3E}.Debug|Any CPU.ActiveCfg = Debug|Any CPU
		{1EA2A967-0732-4D83-9129-6B2B47F5CD3E}.Debug|Any CPU.Build.0 = Debug|Any CPU
		{1EA2A967-0732-4D83-9129-6B2B47F5CD3E}.Release|Any CPU.ActiveCfg = Release|Any CPU
		{1EA2A967-0732-4D83-9129-6B2B47F5CD3E}.Release|Any CPU.Build.0 = Release|Any CPU
		{4773BFB2-64CB-4442-8B7C-01827231FF91}.Debug|Any CPU.ActiveCfg = Debug|Any CPU
		{4773BFB2-64CB-4442-8B7C-01827231FF91}.Debug|Any CPU.Build.0 = Debug|Any CPU
		{4773BFB2-64CB-4442-8B7C-01827231FF91}.Release|Any CPU.ActiveCfg = Release|Any CPU
		{4773BFB2-64CB-4442-8B7C-01827231FF91}.Release|Any CPU.Build.0 = Release|Any CPU
		{AE2EA37B-196B-4B2E-A99D-D49A7A3C6A56}.Debug|Any CPU.ActiveCfg = Debug|Any CPU
		{AE2EA37B-196B-4B2E-A99D-D49A7A3C6A56}.Debug|Any CPU.Build.0 = Debug|Any CPU
		{AE2EA37B-196B-4B2E-A99D-D49A7A3C6A56}.Release|Any CPU.ActiveCfg = Release|Any CPU
		{AE2EA37B-196B-4B2E-A99D-D49A7A3C6A56}.Release|Any CPU.Build.0 = Release|Any CPU
		{A6FCEE9C-86F2-45CC-A7B4-3CA2293C66D6}.Debug|Any CPU.ActiveCfg = Debug|Any CPU
		{A6FCEE9C-86F2-45CC-A7B4-3CA2293C66D6}.Debug|Any CPU.Build.0 = Debug|Any CPU
		{A6FCEE9C-86F2-45CC-A7B4-3CA2293C66D6}.Release|Any CPU.ActiveCfg = Release|Any CPU
		{A6FCEE9C-86F2-45CC-A7B4-3CA2293C66D6}.Release|Any CPU.Build.0 = Release|Any CPU
		{E7B31FD3-CF8C-4102-9F85-6552DEEDEC9F}.Debug|Any CPU.ActiveCfg = Debug|Any CPU
		{E7B31FD3-CF8C-4102-9F85-6552DEEDEC9F}.Debug|Any CPU.Build.0 = Debug|Any CPU
		{E7B31FD3-CF8C-4102-9F85-6552DEEDEC9F}.Release|Any CPU.ActiveCfg = Release|Any CPU
		{E7B31FD3-CF8C-4102-9F85-6552DEEDEC9F}.Release|Any CPU.Build.0 = Release|Any CPU
	EndGlobalSection
	GlobalSection(SolutionProperties) = preSolution
		HideSolutionNode = FALSE
	EndGlobalSection
EndGlobal
